
Microsoft Visual Studio Solution File, Format Version 12.00
Project("{2150E333-8FDC-42A3-9474-1A3956D46DE8}") = "Fundamentals", "Fundamentals", "{B1811A2A-38EF-4252-8FB2-242960A9DE20}"
EndProject
Project("{FAE04EC0-301F-11D3-BF4B-00C04F79EFBC}") = "CalculatorLibrary", "Fundamentals\CalculatorLibrary\CalculatorLibrary.csproj", "{821932BF-07B1-41A7-AB4B-4375EC2F9ABE}"
EndProject
Project("{FAE04EC0-301F-11D3-BF4B-00C04F79EFBC}") = "CalculatorLibrary.Tests.Unit", "Fundamentals\CalculatorLibrary.Tests.Unit\CalculatorLibrary.Tests.Unit.csproj", "{288E0F6D-0105-4B19-BE38-5CE4E6B86CEF}"
EndProject
Global
	GlobalSection(SolutionConfigurationPlatforms) = preSolution
		Debug|Any CPU = Debug|Any CPU
		Release|Any CPU = Release|Any CPU
	EndGlobalSection
	GlobalSection(ProjectConfigurationPlatforms) = postSolution
		{821932BF-07B1-41A7-AB4B-4375EC2F9ABE}.Debug|Any CPU.ActiveCfg = Debug|Any CPU
		{821932BF-07B1-41A7-AB4B-4375EC2F9ABE}.Debug|Any CPU.Build.0 = Debug|Any CPU
		{821932BF-07B1-41A7-AB4B-4375EC2F9ABE}.Release|Any CPU.ActiveCfg = Release|Any CPU
		{821932BF-07B1-41A7-AB4B-4375EC2F9ABE}.Release|Any CPU.Build.0 = Release|Any CPU
		{288E0F6D-0105-4B19-BE38-5CE4E6B86CEF}.Debug|Any CPU.ActiveCfg = Debug|Any CPU
		{288E0F6D-0105-4B19-BE38-5CE4E6B86CEF}.Debug|Any CPU.Build.0 = Debug|Any CPU
		{288E0F6D-0105-4B19-BE38-5CE4E6B86CEF}.Release|Any CPU.ActiveCfg = Release|Any CPU
		{288E0F6D-0105-4B19-BE38-5CE4E6B86CEF}.Release|Any CPU.Build.0 = Release|Any CPU
	EndGlobalSection
	GlobalSection(NestedProjects) = preSolution
		{821932BF-07B1-41A7-AB4B-4375EC2F9ABE} = {B1811A2A-38EF-4252-8FB2-242960A9DE20}
		{288E0F6D-0105-4B19-BE38-5CE4E6B86CEF} = {B1811A2A-38EF-4252-8FB2-242960A9DE20}
	EndGlobalSection
EndGlobal
